Microsoft Visual Studio Solution File, Format Version 12.00
# Visual Studio Version 16
VisualStudioVersion = 16.0.31424.327
MinimumVisualStudioVersion = 10.0.40219.1
Project("{FAE04EC0-301F-11D3-BF4B-00C04F79EFBC}") = "BlurayPlayer_Kaleidescape_IP", "BlurayPlayer_Kaleidescape_IP.csproj", "{2241979A-8183-4B6F-B2D8-C56EA2106262}"
EndProject
Project("{FAE04EC0-301F-11D3-BF4B-00C04F79EFBC}") = "Tests", "Tests\Tests.csproj", "{4D6593DC-B0F6-4587-9A89-EEEE0AE23DDE}"
EndProject
Global
	GlobalSection(SolutionConfigurationPlatforms) = preSolution
		Debug|Any CPU = Debug|Any CPU
		Release|Any CPU = Release|Any CPU
	EndGlobalSection
	GlobalSection(ProjectConfigurationPlatforms) = postSolution
		{2241979A-8183-4B6F-B2D8-C56EA2106262}.Debug|Any CPU.ActiveCfg = Debug|Any CPU
		{2241979A-8183-4B6F-B2D8-C56EA2106262}.Debug|Any CPU.Build.0 = Debug|Any CPU
		{2241979A-8183-4B6F-B2D8-C56EA2106262}.Release|Any CPU.ActiveCfg = Release|Any CPU
		{2241979A-8183-4B6F-B2D8-C56EA2106262}.Release|Any CPU.Build.0 = Release|Any CPU
		{4D6593DC-B0F6-4587-9A89-EEEE0AE23DDE}.Debug|Any CPU.ActiveCfg = Debug|Any CPU
		{4D6593DC-B0F6-4587-9A89-EEEE0AE23DDE}.Debug|Any CPU.Build.0 = Debug|Any CPU
		{4D6593DC-B0F6-4587-9A89-EEEE0AE23DDE}.Release|Any CPU.ActiveCfg = Release|Any CPU
		{4D6593DC-B0F6-4587-9A89-EEEE0AE23DDE}.Release|Any CPU.Build.0 = Release|Any CPU
	EndGlobalSection
	GlobalSection(SolutionProperties) = preSolution
		HideSolutionNode = FALSE
	EndGlobalSection
	GlobalSection(ExtensibilityGlobals) = postSolution
		SolutionGuid = {D24051C2-1BDE-41EA-AA32-86FB1387E2EC}
	EndGlobalSection
EndGlobal
